
Microsoft Visual Studio Solution File, Format Version 12.00
# Visual Studio Version 17
VisualStudioVersion = 17.14.36518.9 d17.14
MinimumVisualStudioVersion = 10.0.40219.1
Project("{FAE04EC0-301F-11D3-BF4B-00C04F79EFBC}") = "JobMatching", "JobMatching\JobMatching.csproj", "{3E72FD60-33E2-49AC-9611-FC2FFB78FA83}"
EndProject
Global
	GlobalSection(SolutionConfigurationPlatforms) = preSolution
		Debug|Any CPU = Debug|Any CPU
		Release|Any CPU = Release|Any CPU
	EndGlobalSection
	GlobalSection(ProjectConfigurationPlatforms) = postSolution
		{3E72FD60-33E2-49AC-9611-FC2FFB78FA83}.Debug|Any CPU.ActiveCfg = Debug|Any CPU
		{3E72FD60-33E2-49AC-9611-FC2FFB78FA83}.Debug|Any CPU.Build.0 = Debug|Any CPU
		{3E72FD60-33E2-49AC-9611-FC2FFB78FA83}.Release|Any CPU.ActiveCfg = Release|Any CPU
		{3E72FD60-33E2-49AC-9611-FC2FFB78FA83}.Release|Any CPU.Build.0 = Release|Any CPU
	EndGlobalSection
	GlobalSection(SolutionProperties) = preSolution
		HideSolutionNode = FALSE
	EndGlobalSection
	GlobalSection(ExtensibilityGlobals) = postSolution
		SolutionGuid = {D1DCFF0E-9535-4323-869B-07CD487A81B3}
	EndGlobalSection
EndGlobal
